// !$*UTF8*$!
{
	archiveVersion = 1;
	classes = {
	};
	objectVersion = 56;
	objects = {

/* Begin PBXBuildFile section */
		FD1A7F582BA4AAEB00803620 /* AppDelegate.swift in Sources */ = {isa = PBXBuildFile; fileRef = FD1A7F572BA4AAEB00803620 /* AppDelegate.swift */; };
		FD1A7F5A2BA4AAEB00803620 /* SceneDelegate.swift in Sources */ = {isa = PBXBuildFile; fileRef = FD1A7F592BA4AAEB00803620 /* SceneDelegate.swift */; };
		FD1A7F5C2BA4AAEB00803620 /* ViewController.swift in Sources */ = {isa = PBXBuildFile; fileRef = FD1A7F5B2BA4AAEB00803620 /* ViewController.swift */; };
		FD1A7F5F2BA4AAEB00803620 /* Main.storyboard in Resources */ = {isa = PBXBuildFile; fileRef = FD1A7F5D2BA4AAEB00803620 /* Main.storyboard */; };
		FD1A7F612BA4AAED00803620 /* Assets.xcassets in Resources */ = {isa = PBXBuildFile; fileRef = FD1A7F602BA4AAED00803620 /* Assets.xcassets */; };
		FD1A7F642BA4AAED00803620 /* LaunchScreen.storyboard in Resources */ = {isa = PBXBuildFile; fileRef = FD1A7F622BA4AAED00803620 /* LaunchScreen.storyboard */; };
		FD1A7F6F2BA4AAED00803620 /* ObjectWithCodeTests.swift in Sources */ = {isa = PBXBuildFile; fileRef = FD1A7F6E2BA4AAED00803620 /* ObjectWithCodeTests.swift */; };
		FD1A7F792BA4AAED00803620 /* ObjectWithCodeUITests.swift in Sources */ = {isa = PBXBuildFile; fileRef = FD1A7F782BA4AAED00803620 /* ObjectWithCodeUITests.swift */; };
		FD1A7F7B2BA4AAED00803620 /* ObjectWithCodeUITestsLaunchTests.swift in Sources */ = {isa = PBXBuildFile; fileRef = FD1A7F7A2BA4AAED00803620 /* ObjectWithCodeUITestsLaunchTests.swift */; };
/* End PBXBuildFile section */

/* Begin PBXContainerItemProxy section */
		FD1A7F6B2BA4AAED00803620 /* PBXContainerItemProxy */ = {
			isa = PBXContainerItemProxy;
			containerPortal = FD1A7F4C2BA4AAEB00803620 /* Project object */;
			proxyType = 1;
			remoteGlobalIDString = FD1A7F532BA4AAEB00803620;
			remoteInfo = ObjectWithCode;
		};
		FD1A7F752BA4AAED00803620 /* PBXContainerItemProxy */ = {
			isa = PBXContainerItemProxy;
			containerPortal = FD1A7F4C2BA4AAEB00803620 /* Project object */;
			proxyType = 1;
			remoteGlobalIDString = FD1A7F532BA4AAEB00803620;
			remoteInfo = ObjectWithCode;
		};
/* End PBXContainerItemProxy section */

/* Begin PBXFileReference section */
		FD1A7F542BA4AAEB00803620 /* ObjectWithCode.app */ = {isa = PBXFileReference; explicitFileType = wrapper.application; includeInIndex = 0; path = ObjectWithCode.app; sourceTree = BUILT_PRODUCTS_DIR; };
		FD1A7F572BA4AAEB00803620 /* AppDelegate.swift */ = {isa = PBXFileReference; lastKnownFileType = sourcecode.swift; path = AppDelegate.swift; sourceTree = "<group>"; };
		FD1A7F592BA4AAEB00803620 /* SceneDelegate.swift */ = {isa = PBXFileReference; lastKnownFileType = sourcecode.swift; path = SceneDelegate.swift; sourceTree = "<group>"; };
		FD1A7F5B2BA4AAEB00803620 /* ViewController.swift */ = {isa = PBXFileReference; lastKnownFileType = sourcecode.swift; path = ViewController.swift; sourceTree = "<group>"; };
		FD1A7F5E2BA4AAEB00803620 /* Base */ = {isa = PBXFileReference; lastKnownFileType = file.storyboard; name = Base; path = Base.lproj/Main.storyboard; sourceTree = "<group>"; };
		FD1A7F602BA4AAED00803620 /* Assets.xcassets */ = {isa = PBXFileReference; lastKnownFileType = folder.assetcatalog; path = Assets.xcassets; sourceTree = "<group>"; };
		FD1A7F632BA4AAED00803620 /* Base */ = {isa = PBXFileReference; lastKnownFileType = file.storyboard; name = Base; path = Base.lproj/LaunchScreen.storyboard; sourceTree = "<group>"; };
		FD1A7F652BA4AAED00803620 /* Info.plist */ = {isa = PBXFileReference; lastKnownFileType = text.plist.xml; path = Info.plist; sourceTree = "<group>"; };
		FD1A7F6A2BA4AAED00803620 /* ObjectWithCodeTests.xctest */ = {isa = PBXFileReference; explicitFileType = wrapper.cfbundle; includeInIndex = 0; path = ObjectWithCodeTests.xctest; sourceTree = BUILT_PRODUCTS_DIR; };
		FD1A7F6E2BA4AAED00803620 /* ObjectWithCodeTests.swift */ = {isa = PBXFileReference; lastKnownFileType = sourcecode.swift; path = ObjectWithCodeTests.swift; sourceTree = "<group>"; };
		FD1A7F742BA4AAED00803620 /* ObjectWithCodeUITests.xctest */ = {isa = PBXFileReference; explicitFileType = wrapper.cfbundle; includeInIndex = 0; path = ObjectWithCodeUITests.xctest; sourceTree = BUILT_PRODUCTS_DIR; };
		FD1A7F782BA4AAED00803620 /* ObjectWithCodeUITests.swift */ = {isa = PBXFileReference; lastKnownFileType = sourcecode.swift; path = ObjectWithCodeUITests.swift; sourceTree = "<group>"; };
		FD1A7F7A2BA4AAED00803620 /* ObjectWithCodeUITestsLaunchTests.swift */ = {isa = PBXFileReference; lastKnownFileType = sourcecode.swift; path = ObjectWithCodeUITestsLaunchTests.swift; sourceTree = "<group>"; };
/* End PBXFileReference section */

/* Begin PBXFrameworksBuildPhase section */
		FD1A7F512BA4AAEB00803620 /* Frameworks */ = {
			isa = PBXFrameworksBuildPhase;
			buildActionMask = 2147483647;
			files = (
			);
			runOnlyForDeploymentPostprocessing = 0;
		};
		FD1A7F672BA4AAED00803620 /* Frameworks */ = {
			isa = PBXFrameworksBuildPhase;
			buildActionMask = 2147483647;
			files = (
			);
			runOnlyForDeploymentPostprocessing = 0;
		};
		FD1A7F712BA4AAED00803620 /* Frameworks */ = {
			isa = PBXFrameworksBuildPhase;
			buildActionMask = 2147483647;
			files = (
			);
			runOnlyForDeploymentPostprocessing = 0;
		};
/* End PBXFrameworksBuildPhase section */

/* Begin PBXGroup section */
		FD1A7F4B2BA4AAEB00803620 = {
			isa = PBXGroup;
			children = (
				FD1A7F562BA4AAEB00803620 /* ObjectWithCode */,
				FD1A7F6D2BA4AAED00803620 /* ObjectWithCodeTests */,
				FD1A7F772BA4AAED00803620 /* ObjectWithCodeUITests */,
				FD1A7F552BA4AAEB00803620 /* Products */,
			);
			sourceTree = "<group>";
		};
		FD1A7F552BA4AAEB00803620 /* Products */ = {
			isa = PBXGroup;
			children = (
				FD1A7F542BA4AAEB00803620 /* ObjectWithCode.app */,
				FD1A7F6A2BA4AAED00803620 /* ObjectWithCodeTests.xctest */,
				FD1A7F742BA4AAED00803620 /* ObjectWithCodeUITests.xctest */,
			);
			name = Products;
			sourceTree = "<group>";
		};
		FD1A7F562BA4AAEB00803620 /* ObjectWithCode */ = {
			isa = PBXGroup;
			children = (
				FD1A7F572BA4AAEB00803620 /* AppDelegate.swift */,
				FD1A7F592BA4AAEB00803620 /* SceneDelegate.swift */,
				FD1A7F5B2BA4AAEB00803620 /* ViewController.swift */,
				FD1A7F5D2BA4AAEB00803620 /* Main.storyboard */,
				FD1A7F602BA4AAED00803620 /* Assets.xcassets */,
				FD1A7F622BA4AAED00803620 /* LaunchScreen.storyboard */,
				FD1A7F652BA4AAED00803620 /* Info.plist */,
			);
			path = ObjectWithCode;
			sourceTree = "<group>";
		};
		FD1A7F6D2BA4AAED00803620 /* ObjectWithCodeTests */ = {
			isa = PBXGroup;
			children = (
				FD1A7F6E2BA4AAED00803620 /* ObjectWithCodeTests.swift */,
			);
			path = ObjectWithCodeTests;
			sourceTree = "<group>";
		};
		FD1A7F772BA4AAED00803620 /* ObjectWithCodeUITests */ = {
			isa = PBXGroup;
			children = (
				FD1A7F782BA4AAED00803620 /* ObjectWithCodeUITests.swift */,
				FD1A7F7A2BA4AAED00803620 /* ObjectWithCodeUITestsLaunchTests.swift */,
			);
			path = ObjectWithCodeUITests;
			sourceTree = "<group>";
		};
/* End PBXGroup section */

/* Begin PBXNativeTarget section */
		FD1A7F532BA4AAEB00803620 /* ObjectWithCode */ = {
			isa = PBXNativeTarget;
			buildConfigurationList = FD1A7F7E2BA4AAED00803620 /* Build configuration list for PBXNativeTarget "ObjectWithCode" */;
			buildPhases = (
				FD1A7F502BA4AAEB00803620 /* Sources */,
				FD1A7F512BA4AAEB00803620 /* Frameworks */,
				FD1A7F522BA4AAEB00803620 /* Resources */,
			);
			buildRules = (
			);
			dependencies = (
			);
			name = ObjectWithCode;
			productName = ObjectWithCode;
			productReference = FD1A7F542BA4AAEB00803620 /* ObjectWithCode.app */;
			productType = "com.apple.product-type.application";
		};
		FD1A7F692BA4AAED00803620 /* ObjectWithCodeTests */ = {
			isa = PBXNativeTarget;
			buildConfigurationList = FD1A7F812BA4AAED00803620 /* Build configuration list for PBXNativeTarget "ObjectWithCodeTests" */;
			buildPhases = (
				FD1A7F662BA4AAED00803620 /* Sources */,
				FD1A7F672BA4AAED00803620 /* Frameworks */,
				FD1A7F682BA4AAED00803620 /* Resources */,
			);
			buildRules = (
			);
			dependencies = (
				FD1A7F6C2BA4AAED00803620 /* PBXTargetDependency */,
			);
			name = ObjectWithCodeTests;
			productName = ObjectWithCodeTests;
			productReference = FD1A7F6A2BA4AAED00803620 /* ObjectWithCodeTests.xctest */;
			productType = "com.apple.product-type.bundle.unit-test";
		};
		FD1A7F732BA4AAED00803620 /* ObjectWithCodeUITests */ = {
			isa = PBXNativeTarget;
			buildConfigurationList = FD1A7F842BA4AAED00803620 /* Build configuration list for PBXNativeTarget "ObjectWithCodeUITests" */;
			buildPhases = (
				FD1A7F702BA4AAED00803620 /* Sources */,
				FD1A7F712BA4AAED00803620 /* Frameworks */,
				FD1A7F722BA4AAED00803620 /* Resources */,
			);
			buildRules = (
			);
			dependencies = (
				FD1A7F762BA4AAED00803620 /* PBXTargetDependency */,
			);
			name = ObjectWithCodeUITests;
			productName = ObjectWithCodeUITests;
			productReference = FD1A7F742BA4AAED00803620 /* ObjectWithCodeUITests.xctest */;
			productType = "com.apple.product-type.bundle.ui-testing";
		};
/* End PBXNativeTarget section */

/* Begin PBXProject section */
		FD1A7F4C2BA4AAEB00803620 /* Project object */ = {
			isa = PBXProject;
			attributes = {
				BuildIndependentTargetsInParallel = 1;
				LastSwiftUpdateCheck = 1520;
				LastUpgradeCheck = 1520;
				TargetAttributes = {
					FD1A7F532BA4AAEB00803620 = {
						CreatedOnToolsVersion = 15.2;
					};
					FD1A7F692BA4AAED00803620 = {
						CreatedOnToolsVersion = 15.2;
						TestTargetID = FD1A7F532BA4AAEB00803620;
					};
					FD1A7F732BA4AAED00803620 = {
						CreatedOnToolsVersion = 15.2;
						TestTargetID = FD1A7F532BA4AAEB00803620;
					};
				};
			};
			buildConfigurationList = FD1A7F4F2BA4AAEB00803620 /* Build configuration list for PBXProject "ObjectWithCode" */;
			compatibilityVersion = "Xcode 14.0";
			developmentRegion = en;
			hasScannedForEncodings = 0;
			knownRegions = (
				en,
				Base,
			);
			mainGroup = FD1A7F4B2BA4AAEB00803620;
			productRefGroup = FD1A7F552BA4AAEB00803620 /* Products */;
			projectDirPath = "";
			projectRoot = "";
			targets = (
				FD1A7F532BA4AAEB00803620 /* ObjectWithCode */,
				FD1A7F692BA4AAED00803620 /* ObjectWithCodeTests */,
				FD1A7F732BA4AAED00803620 /* ObjectWithCodeUITests */,
			);
		};
/* End PBXProject section */

/* Begin PBXResourcesBuildPhase section */
		FD1A7F522BA4AAEB00803620 /* Resources */ = {
			isa = PBXResourcesBuildPhase;
			buildActionMask = 2147483647;
			files = (
				FD1A7F642BA4AAED00803620 /* LaunchScreen.storyboard in Resources */,
				FD1A7F612BA4AAED00803620 /* Assets.xcassets in Resources */,
				FD1A7F5F2BA4AAEB00803620 /* Main.storyboard in Resources */,
			);
			runOnlyForDeploymentPostprocessing = 0;
		};
		FD1A7F682BA4AAED00803620 /* Resources */ = {
			isa = PBXResourcesBuildPhase;
			buildActionMask = 2147483647;
			files = (
			);
			runOnlyForDeploymentPostprocessing = 0;
		};
		FD1A7F722BA4AAED00803620 /* Resources */ = {
			isa = PBXResourcesBuildPhase;
			buildActionMask = 2147483647;
			files = (
			);
			runOnlyForDeploymentPostprocessing = 0;
		};
/* End PBXResourcesBuildPhase section */

/* Begin PBXSourcesBuildPhase section */
		FD1A7F502BA4AAEB00803620 /* Sources */ = {
			isa = PBXSourcesBuildPhase;
			buildActionMask = 2147483647;
			files = (
				FD1A7F5C2BA4AAEB00803620 /* ViewController.swift in Sources */,
				FD1A7F582BA4AAEB00803620 /* AppDelegate.swift in Sources */,
				FD1A7F5A2BA4AAEB00803620 /* SceneDelegate.swift in Sources */,
			);
			runOnlyForDeploymentPostprocessing = 0;
		};
		FD1A7F662BA4AAED00803620 /* Sources */ = {
			isa = PBXSourcesBuildPhase;
			buildActionMask = 2147483647;
			files = (
				FD1A7F6F2BA4AAED00803620 /* ObjectWithCodeTests.swift in Sources */,
			);
			runOnlyForDeploymentPostprocessing = 0;
		};
		FD1A7F702BA4AAED00803620 /* Sources */ = {
			isa = PBXSourcesBuildPhase;
			buildActionMask = 2147483647;
			files = (
				FD1A7F7B2BA4AAED00803620 /* ObjectWithCodeUITestsLaunchTests.swift in Sources */,
				FD1A7F792BA4AAED00803620 /* ObjectWithCodeUITests.swift in Sources */,
			);
			runOnlyForDeploymentPostprocessing = 0;
		};
/* End PBXSourcesBuildPhase section */

/* Begin PBXTargetDependency section */
		FD1A7F6C2BA4AAED00803620 /* PBXTargetDependency */ = {
			isa = PBXTargetDependency;
			target = FD1A7F532BA4AAEB00803620 /* ObjectWithCode */;
			targetProxy = FD1A7F6B2BA4AAED00803620 /* PBXContainerItemProxy */;
		};
		FD1A7F762BA4AAED00803620 /* PBXTargetDependency */ = {
			isa = PBXTargetDependency;
			target = FD1A7F532BA4AAEB00803620 /* ObjectWithCode */;
			targetProxy = FD1A7F752BA4AAED00803620 /* PBXContainerItemProxy */;
		};
/* End PBXTargetDependency section */

/* Begin PBXVariantGroup section */
		FD1A7F5D2BA4AAEB00803620 /* Main.storyboard */ = {
			isa = PBXVariantGroup;
			children = (
				FD1A7F5E2BA4AAEB00803620 /* Base */,
			);
			name = Main.storyboard;
			sourceTree = "<group>";
		};
		FD1A7F622BA4AAED00803620 /* LaunchScreen.storyboard */ = {
			isa = PBXVariantGroup;
			children = (
				FD1A7F632BA4AAED00803620 /* Base */,
			);
			name = LaunchScreen.storyboard;
			sourceTree = "<group>";
		};
/* End PBXVariantGroup section */

/* Begin XCBuildConfiguration section */
		FD1A7F7C2BA4AAED00803620 /* Debug */ = {
			isa = XCBuildConfiguration;
			buildSettings = {
				ALWAYS_SEARCH_USER_PATHS = NO;
				ASSETCATALOG_COMPILER_GENERATE_SWIFT_ASSET_SYMBOL_EXTENSIONS = YES;
				CLANG_ANALYZER_NONNULL = YES;
				CLANG_ANALYZER_NUMBER_OBJECT_CONVERSION = YES_AGGRESSIVE;
				CLANG_CXX_LANGUAGE_STANDARD = "gnu++20";
				CLANG_ENABLE_MODULES = YES;
				CLANG_ENABLE_OBJC_ARC = YES;
				CLANG_ENABLE_OBJC_WEAK = YES;
				CLANG_WARN_BLOCK_CAPTURE_AUTORELEASING = YES;
				CLANG_WARN_BOOL_CONVERSION = YES;
				CLANG_WARN_COMMA = YES;
				CLANG_WARN_CONSTANT_CONVERSION = YES;
				CLANG_WARN_DEPRECATED_OBJC_IMPLEMENTATIONS = YES;
				CLANG_WARN_DIRECT_OBJC_ISA_USAGE = YES_ERROR;
				CLANG_WARN_DOCUMENTATION_COMMENTS = YES;
				CLANG_WARN_EMPTY_BODY = YES;
				CLANG_WARN_ENUM_CONVERSION = YES;
				CLANG_WARN_INFINITE_RECURSION = YES;
				CLANG_WARN_INT_CONVERSION = YES;
				CLANG_WARN_NON_LITERAL_NULL_CONVERSION = YES;
				CLANG_WARN_OBJC_IMPLICIT_RETAIN_SELF = YES;
				CLANG_WARN_OBJC_LITERAL_CONVERSION = YES;
				CLANG_WARN_OBJC_ROOT_CLASS = YES_ERROR;
				CLANG_WARN_QUOTED_INCLUDE_IN_FRAMEWORK_HEADER = YES;
				CLANG_WARN_RANGE_LOOP_ANALYSIS = YES;
				CLANG_WARN_STRICT_PROTOTYPES = YES;
				CLANG_WARN_SUSPICIOUS_MOVE = YES;
				CLANG_WARN_UNGUARDED_AVAILABILITY = YES_AGGRESSIVE;
				CLANG_WARN_UNREACHABLE_CODE = YES;
				CLANG_WARN__DUPLICATE_METHOD_MATCH = YES;
				COPY_PHASE_STRIP = NO;
				DEBUG_INFORMATION_FORMAT = dwarf;
				ENABLE_STRICT_OBJC_MSGSEND = YES;
				ENABLE_TESTABILITY = YES;
				ENABLE_USER_SCRIPT_SANDBOXING = YES;
				GCC_C_LANGUAGE_STANDARD = gnu17;
				GCC_DYNAMIC_NO_PIC = NO;
				GCC_NO_COMMON_BLOCKS = YES;
				GCC_OPTIMIZATION_LEVEL = 0;
				GCC_PREPROCESSOR_DEFINITIONS = (
					"DEBUG=1",
					"$(inherited)",
				);
				GCC_WARN_64_TO_32_BIT_CONVERSION = YES;
				GCC_WARN_ABOUT_RETURN_TYPE = YES_ERROR;
				GCC_WARN_UNDECLARED_SELECTOR = YES;
				GCC_WARN_UNINITIALIZED_AUTOS = YES_AGGRESSIVE;
				GCC_WARN_UNUSED_FUNCTION = YES;
				GCC_WARN_UNUSED_VARIABLE = YES;
				IPHONEOS_DEPLOYMENT_TARGET = 17.2;
				LOCALIZATION_PREFERS_STRING_CATALOGS = YES;
				MTL_ENABLE_DEBUG_INFO = INCLUDE_SOURCE;
				MTL_FAST_MATH = YES;
				ONLY_ACTIVE_ARCH = YES;
				SDKROOT = iphoneos;
				SWIFT_ACTIVE_COMPILATION_CONDITIONS = "DEBUG $(inherited)";
				SWIFT_OPTIMIZATION_LEVEL = "-Onone";
			};
			name = Debug;
		};
		FD1A7F7D2BA4AAED00803620 /* Release */ = {
			isa = XCBuildConfiguration;
			buildSettings = {
				ALWAYS_SEARCH_USER_PATHS = NO;
				ASSETCATALOG_COMPILER_GENERATE_SWIFT_ASSET_SYMBOL_EXTENSIONS = YES;
				CLANG_ANALYZER_NONNULL = YES;
				CLANG_ANALYZER_NUMBER_OBJECT_CONVERSION = YES_AGGRESSIVE;
				CLANG_CXX_LANGUAGE_STANDARD = "gnu++20";
				CLANG_ENABLE_MODULES = YES;
				CLANG_ENABLE_OBJC_ARC = YES;
				CLANG_ENABLE_OBJC_WEAK = YES;
				CLANG_WARN_BLOCK_CAPTURE_AUTORELEASING = YES;
				CLANG_WARN_BOOL_CONVERSION = YES;
				CLANG_WARN_COMMA = YES;
				CLANG_WARN_CONSTANT_CONVERSION = YES;
				CLANG_WARN_DEPRECATED_OBJC_IMPLEMENTATIONS = YES;
				CLANG_WARN_DIRECT_OBJC_ISA_USAGE = YES_ERROR;
				CLANG_WARN_DOCUMENTATION_COMMENTS = YES;
				CLANG_WARN_EMPTY_BODY = YES;
				CLANG_WARN_ENUM_CONVERSION = YES;
				CLANG_WARN_INFINITE_RECURSION = YES;
				CLANG_WARN_INT_CONVERSION = YES;
				CLANG_WARN_NON_LITERAL_NULL_CONVERSION = YES;
				CLANG_WARN_OBJC_IMPLICIT_RETAIN_SELF = YES;
				CLANG_WARN_OBJC_LITERAL_CONVERSION = YES;
				CLANG_WARN_OBJC_ROOT_CLASS = YES_ERROR;
				CLANG_WARN_QUOTED_INCLUDE_IN_FRAMEWORK_HEADER = YES;
				CLANG_WARN_RANGE_LOOP_ANALYSIS = YES;
				CLANG_WARN_STRICT_PROTOTYPES = YES;
				CLANG_WARN_SUSPICIOUS_MOVE = YES;
				CLANG_WARN_UNGUARDED_AVAILABILITY = YES_AGGRESSIVE;
				CLANG_WARN_UNREACHABLE_CODE = YES;
				CLANG_WARN__DUPLICATE_METHOD_MATCH = YES;
				COPY_PHASE_STRIP = NO;
				DEBUG_INFORMATION_FORMAT = "dwarf-with-dsym";
				ENABLE_NS_ASSERTIONS = NO;
				ENABLE_STRICT_OBJC_MSGSEND = YES;
				ENABLE_USER_SCRIPT_SANDBOXING = YES;
				GCC_C_LANGUAGE_STANDARD = gnu17;
				GCC_NO_COMMON_BLOCKS = YES;
				GCC_WARN_64_TO_32_BIT_CONVERSION = YES;
				GCC_WARN_ABOUT_RETURN_TYPE = YES_ERROR;
				GCC_WARN_UNDECLARED_SELECTOR = YES;
				GCC_WARN_UNINITIALIZED_AUTOS = YES_AGGRESSIVE;
				GCC_WARN_UNUSED_FUNCTION = YES;
				GCC_WARN_UNUSED_VARIABLE = YES;
				IPHONEOS_DEPLOYMENT_TARGET = 17.2;
				LOCALIZATION_PREFERS_STRING_CATALOGS = YES;
				MTL_ENABLE_DEBUG_INFO = NO;
				MTL_FAST_MATH = YES;
				SDKROOT = iphoneos;
				SWIFT_COMPILATION_MODE = wholemodule;
				VALIDATE_PRODUCT = YES;
			};
			name = Release;
		};
		FD1A7F7F2BA4AAED00803620 /* Debug */ = {
			isa = XCBuildConfiguration;
			buildSettings = {
				ASSETCATALOG_COMPILER_APPICON_NAME = AppIcon;
				ASSETCATALOG_COMPILER_GLOBAL_ACCENT_COLOR_NAME = AccentColor;
				CODE_SIGN_STYLE = Automatic;
				CURRENT_PROJECT_VERSION = 1;
				DEVELOPMENT_TEAM = 4874AZF8LJ;
				GENERATE_INFOPLIST_FILE = YES;
				INFOPLIST_FILE = ObjectWithCode/Info.plist;
				INFOPLIST_KEY_UIApplicationSupportsIndirectInputEvents = YES;
				INFOPLIST_KEY_UILaunchStoryboardName = LaunchScreen;
				INFOPLIST_KEY_UIMainStoryboardFile = Main;
				INFOPLIST_KEY_UISupportedInterfaceOrientations_iPad = "UIInterfaceOrientationPortrait UIInterfaceOrientationPortraitUpsideDown UIInterfaceOrientationLandscapeLeft UIInterfaceOrientationLandscapeRight";
				INFOPLIST_KEY_UISupportedInterfaceOrientations_iPhone = "UIInterfaceOrientationPortrait UIInterfaceOrientationLandscapeLeft UIInterfaceOrientationLandscapeRight";
				LD_RUNPATH_SEARCH_PATHS = (
					"$(inherited)",
					"@executable_path/Frameworks",
				);
				MARKETING_VERSION = 1.0;
				PRODUCT_BUNDLE_IDENTIFIER = com.iosClass.ObjectWithCode;
				PRODUCT_NAME = "$(TARGET_NAME)";
				SWIFT_EMIT_LOC_STRINGS = YES;
				SWIFT_VERSION = 5.0;
				TARGETED_DEVICE_FAMILY = "1,2";
			};
			name = Debug;
		};
		FD1A7F802BA4AAED00803620 /* Release */ = {
			isa = XCBuildConfiguration;
			buildSettings = {
				ASSETCATALOG_COMPILER_APPICON_NAME = AppIcon;
				ASSETCATALOG_COMPILER_GLOBAL_ACCENT_COLOR_NAME = AccentColor;
				CODE_SIGN_STYLE = Automatic;
				CURRENT_PROJECT_VERSION = 1;
				DEVELOPMENT_TEAM = 4874AZF8LJ;
				GENERATE_INFOPLIST_FILE = YES;
				INFOPLIST_FILE = ObjectWithCode/Info.plist;
				INFOPLIST_KEY_UIApplicationSupportsIndirectInputEvents = YES;
				INFOPLIST_KEY_UILaunchStoryboardName = LaunchScreen;
				INFOPLIST_KEY_UIMainStoryboardFile = Main;
				INFOPLIST_KEY_UISupportedInterfaceOrientations_iPad = "UIInterfaceOrientationPortrait UIInterfaceOrientationPortraitUpsideDown UIInterfaceOrientationLandscapeLeft UIInterfaceOrientationLandscapeRight";
				INFOPLIST_KEY_UISupportedInterfaceOrientations_iPhone = "UIInterfaceOrientationPortrait UIInterfaceOrientationLandscapeLeft UIInterfaceOrientationLandscapeRight";
				LD_RUNPATH_SEARCH_PATHS = (
					"$(inherited)",
					"@executable_path/Frameworks",
				);
				MARKETING_VERSION = 1.0;
				PRODUCT_BUNDLE_IDENTIFIER = com.iosClass.ObjectWithCode;
				PRODUCT_NAME = "$(TARGET_NAME)";
				SWIFT_EMIT_LOC_STRINGS = YES;
				SWIFT_VERSION = 5.0;
				TARGETED_DEVICE_FAMILY = "1,2";
			};
			name = Release;
		};
		FD1A7F822BA4AAED00803620 /* Debug */ = {
			isa = XCBuildConfiguration;
			buildSettings = {
				ALWAYS_EMBED_SWIFT_STANDARD_LIBRARIES = YES;
				BUNDLE_LOADER = "$(TEST_HOST)";
				CODE_SIGN_STYLE = Automatic;
				CURRENT_PROJECT_VERSION = 1;
				DEVELOPMENT_TEAM = 4874AZF8LJ;
				GENERATE_INFOPLIST_FILE = YES;
				IPHONEOS_DEPLOYMENT_TARGET = 17.2;
				MARKETING_VERSION = 1.0;
				PRODUCT_BUNDLE_IDENTIFIER = com.iosClass.ObjectWithCodeTests;
				PRODUCT_NAME = "$(TARGET_NAME)";
				SWIFT_EMIT_LOC_STRINGS = NO;
				SWIFT_VERSION = 5.0;
				TARGETED_DEVICE_FAMILY = "1,2";
				TEST_HOST = "$(BUILT_PRODUCTS_DIR)/ObjectWithCode.app/$(BUNDLE_EXECUTABLE_FOLDER_PATH)/ObjectWithCode";
			};
			name = Debug;
		};
		FD1A7F832BA4AAED00803620 /* Release */ = {
			isa = XCBuildConfiguration;
			buildSettings = {
				ALWAYS_EMBED_SWIFT_STANDARD_LIBRARIES = YES;
				BUNDLE_LOADER = "$(TEST_HOST)";
				CODE_SIGN_STYLE = Automatic;
				CURRENT_PROJECT_VERSION = 1;
				DEVELOPMENT_TEAM = 4874AZF8LJ;
				GENERATE_INFOPLIST_FILE = YES;
				IPHONEOS_DEPLOYMENT_TARGET = 17.2;
				MARKETING_VERSION = 1.0;
				PRODUCT_BUNDLE_IDENTIFIER = com.iosClass.ObjectWithCodeTests;
				PRODUCT_NAME = "$(TARGET_NAME)";
				SWIFT_EMIT_LOC_STRINGS = NO;
				SWIFT_VERSION = 5.0;
				TARGETED_DEVICE_FAMILY = "1,2";
				TEST_HOST = "$(BUILT_PRODUCTS_DIR)/ObjectWithCode.app/$(BUNDLE_EXECUTABLE_FOLDER_PATH)/ObjectWithCode";
			};
			name = Release;
		};
		FD1A7F852BA4AAED00803620 /* Debug */ = {
			isa = XCBuildConfiguration;
			buildSettings = {
				ALWAYS_EMBED_SWIFT_STANDARD_LIBRARIES = YES;
				CODE_SIGN_STYLE = Automatic;
				CURRENT_PROJECT_VERSION = 1;
				DEVELOPMENT_TEAM = 4874AZF8LJ;
				GENERATE_INFOPLIST_FILE = YES;
				MARKETING_VERSION = 1.0;
				PRODUCT_BUNDLE_IDENTIFIER = com.iosClass.ObjectWithCodeUITests;
				PRODUCT_NAME = "$(TARGET_NAME)";
				SWIFT_EMIT_LOC_STRINGS = NO;
				SWIFT_VERSION = 5.0;
				TARGETED_DEVICE_FAMILY = "1,2";
				TEST_TARGET_NAME = ObjectWithCode;
			};
			name = Debug;
		};
		FD1A7F862BA4AAED00803620 /* Release */ = {
			isa = XCBuildConfiguration;
			buildSettings = {
				ALWAYS_EMBED_SWIFT_STANDARD_LIBRARIES = YES;
				CODE_SIGN_STYLE = Automatic;
				CURRENT_PROJECT_VERSION = 1;
				DEVELOPMENT_TEAM = 4874AZF8LJ;
				GENERATE_INFOPLIST_FILE = YES;
				MARKETING_VERSION = 1.0;
				PRODUCT_BUNDLE_IDENTIFIER = com.iosClass.ObjectWithCodeUITests;
				PRODUCT_NAME = "$(TARGET_NAME)";
				SWIFT_EMIT_LOC_STRINGS = NO;
				SWIFT_VERSION = 5.0;
				TARGETED_DEVICE_FAMILY = "1,2";
				TEST_TARGET_NAME = ObjectWithCode;
			};
			name = Release;
		};
/* End XCBuildConfiguration section */

/* Begin XCConfigurationList section */
		FD1A7F4F2BA4AAEB00803620 /* Build configuration list for PBXProject "ObjectWithCode" */ = {
			isa = XCConfigurationList;
			buildConfigurations = (
				FD1A7F7C2BA4AAED00803620 /* Debug */,
				FD1A7F7D2BA4AAED00803620 /* Release */,
			);
			defaultConfigurationIsVisible = 0;
			defaultConfigurationName = Release;
		};
		FD1A7F7E2BA4AAED00803620 /* Build configuration list for PBXNativeTarget "ObjectWithCode" */ = {
			isa = XCConfigurationList;
			buildConfigurations = (
				FD1A7F7F2BA4AAED00803620 /* Debug */,
				FD1A7F802BA4AAED00803620 /* Release */,
			);
			defaultConfigurationIsVisible = 0;
			defaultConfigurationName = Release;
		};
		FD1A7F812BA4AAED00803620 /* Build configuration list for PBXNativeTarget "ObjectWithCodeTests" */ = {
			isa = XCConfigurationList;
			buildConfigurations = (
				FD1A7F822BA4AAED00803620 /* Debug */,
				FD1A7F832BA4AAED00803620 /* Release */,
			);
			defaultConfigurationIsVisible = 0;
			defaultConfigurationName = Release;
		};
		FD1A7F842BA4AAED00803620 /* Build configuration list for PBXNativeTarget "ObjectWithCodeUITests" */ = {
			isa = XCConfigurationList;
			buildConfigurations = (
				FD1A7F852BA4AAED00803620 /* Debug */,
				FD1A7F862BA4AAED00803620 /* Release */,
			);
			defaultConfigurationIsVisible = 0;
			defaultConfigurationName = Release;
		};
/* End XCConfigurationList section */
	};
	rootObject = FD1A7F4C2BA4AAEB00803620 /* Project object */;
}
